{
  "name": "digital-card-wallet",
  "version": "0.0.0",
  "lockfileVersion": 3,
  "requires": true,
  "packages": {
    "": {
      "name": "digital-card-wallet",
      "version": "0.0.0",
      "private": true,
      "dependencies": {
        "react": "^18.3.1",
        "react-dom": "^18.3.1"
      },
      "devDependencies": {
        "@types/react": "^18.3.3",
        "@types/react-dom": "^18.3.0",
        "@vitejs/plugin-react": "^4.3.1",
        "typescript": "^5.4.5",
        "vite": "^5.3.1"
      }
    },
    "node_modules/@babel/parser": {
      "version": "7.24.7",
      "resolved": "https://registry.npmjs.org/@babel/parser/-/parser-7.24.7.tgz",
      "integrity": "sha512-Iu5h2i0gaICHIqV33e1n2NXa8mJ82cCWSoepSdd2bGL8Je8Q/S/xnETvwp9xeU+oBw2eClVCfpnUu1XEt4yU5g==",
      "dev": true,
      "license": "MIT",
      "bin": {
        "parser": "bin/babel-parser.js"
      },
      "engines": {
        "node": ">=6.0.0"
      }
    },
    "node_modules/@types/node": {
      "version": "20.14.2",
      "resolved": "https://registry.npmjs.org/@types/node/-/node-20.14.2.tgz",
      "integrity": "sha512-xyu6sSRyO8f5tindD0/aOHsQo2zbsi9yG4ANvG2r24lh8z91tviIsrHo/2w1mO2084sp0s0cU+wYm5O3iNXPaQ==",
      "dev": true,
      "license": "MIT",
      "dependencies": {
        "undici-types": "~5.26.4"
      }
    },
    "node_modules/@types/prop-types": {
      "version": "15.7.12",
      "resolved": "https://registry.npmjs.org/@types/prop-types/-/prop-types-15.7.12.tgz",
      "integrity": "sha512-5zvhXYS3icfNlvmqShzJ3/7I2eGii4s9sJJig+w05vY8bM3D06I/7P5wNFFyftI331/u0iA+aD2O2l24Y62x3A==",
      "dev": true,
      "license": "MIT"
    },
    "node_modules/@types/react": {
      "version": "18.3.3",
      "resolved": "https://registry.npmjs.org/@types/react/-/react-18.3.3.tgz",
      "integrity": "sha512-hti/R0pS0q1/xx+TsI73XIqk26eI5i7S3lBwFkcYwAhsCg43JAeD/klaxvs3s/OkP0JudBs/2pcuAVAxQC0L2g==",
      "dev": true,
      "license": "MIT",
      "dependencies": {
        "@types/prop-types": "*",
        "csstype": "^3.0.2"
      }
    },
    "node_modules/@types/react-dom": {
      "version": "18.3.0",
      "resolved": "https://registry.npmjs.org/@types/react-dom/-/react-dom-18.3.0.tgz",
      "integrity": "sha512-dGwtkPbmAfYssLEN1sVDS8aBll5kP5aV2U/3Iczz5A23a7+l3FwCVYXrEV3Fs2fr/BFK14gS9GqLCEh5FouoDg==",
      "dev": true,
      "license": "MIT",
      "dependencies": {
        "@types/react": "*"
      }
    },
    "node_modules/@vitejs/plugin-react": {
      "version": "4.3.1",
      "resolved": "https://registry.npmjs.org/@vitejs/plugin-react/-/plugin-react-4.3.1.tgz",
      "integrity": "sha512-s/2v7YvC40FayP2eHx1y0D2y8/S24aYvv4yI7/mF8y3c2aAhT5eeD50m2CjT9i2kmd1jdVvj/vEa2aGkX1WfMA==",
      "dev": true,
      "license": "MIT",
      "dependencies": {
        "@babel/parser": "^7.24.1",
        "estree-walker": "^2.0.2",
        "magic-string": "^0.30.8"
      },
      "peerDependencies": {
        "vite": ">=3.2.0"
      }
    },
    "node_modules/acorn": {
      "version": "8.11.3",
      "resolved": "https://registry.npmjs.org/acorn/-/acorn-8.11.3.tgz",
      "integrity": "sha512-Y9r+f5C5upPNO82M2SCyy7i4fR2m/W1aehgsyI2t71N0XpQn3sOCYIMjpFW21Tqg+pVtuVb6bC2xQvvgk3zSAw==",
      "dev": true,
      "license": "MIT",
      "bin": {
        "acorn": "bin/acorn"
      },
      "engines": {
        "node": ">=0.4.0"
      }
    },
    "node_modules/acorn-walk": {
      "version": "8.3.2",
      "resolved": "https://registry.npmjs.org/acorn-walk/-/acorn-walk-8.3.2.tgz",
      "integrity": "sha512-83rQIZzwvoPFKfcGkSj15401vPgP/iW2Qj/L4dG/7TNgBZmzQe9Wew2ifRad2d+M2eMla4TPAeoRrnXz48K/eQ==",
      "dev": true,
      "license": "MIT",
      "engines": {
        "node": ">=0.4.0"
      }
    },
    "node_modules/ansi-styles": {
      "version": "4.3.0",
      "resolved": "https://registry.npmjs.org/ansi-styles/-/ansi-styles-4.3.0.tgz",
      "integrity": "sha512-zbB9rCJAT1rbjiVDb2hqKFHNYLxgtk8NURxZ3IZwD3F6NtxbXZQCnnSi1Lkx+IDohdPlFp222wVALIheZJQSEg==",
      "dev": true,
      "license": "MIT",
      "dependencies": {
        "color-convert": "^2.0.1"
      },
      "engines": {
        "node": ">=8"
      },
      "funding": {
        "url": "https://github.com/chalk/ansi-styles?sponsor=1"
      }
    },
    "node_modules/anymatch": {
      "version": "3.1.3",
      "resolved": "https://registry.npmjs.org/anymatch/-/anymatch-3.1.3.tgz",
      "integrity": "sha512-P43ePfOAIupkgu2+kk4ovdtoDqw9e96WyhhQCSNYpCCSo6cv0f2vA2Tabc+QjYNOCsfnj3Kcgx/RvuGOw92z2g==",
      "dev": true,
      "license": "ISC",
      "dependencies": {
        "normalize-path": "^3.0.0",
        "picomatch": "^2.0.4"
      },
      "engines": {
        "node": ">= 8"
      }
    },
    "node_modules/argparse": {
      "version": "2.0.1",
      "resolved": "https://registry.npmjs.org/argparse/-/argparse-2.0.1.tgz",
      "integrity": "sha512-8+9WqebbFzpX9OR+gd+ggpqrCAsiG8AnIOQD2argvq143Q/g8gNI7Eyj3MAEpkRWYmarkersK15mRiT9H3anyZg==",
      "dev": true,
      "license": "Python-2.0"
    },
    "node_modules/binary-extensions": {
      "version": "2.3.0",
      "resolved": "https://registry.npmjs.org/binary-extensions/-/binary-extensions-2.3.0.tgz",
      "integrity": "sha512-Q4Vn8CV6NEI/Vni7MSVEchwM/e/+m0L2m3UFSkbwrCvL8Ldo2v7aIryiQ/1q1yBEgkwwm2+gJ/xlToXm2ty5Eg==",
      "dev": true,
      "license": "MIT",
      "engines": {
        "node": ">=8"
      }
    },
    "node_modules/braces": {
      "version": "3.0.3",
      "resolved": "https://registry.npmjs.org/braces/-/braces-3.0.3.tgz",
      "integrity": "sha512-yQbXgO/OSZVD2IsiOBqBmp8xNIlDuf73S2f/ZmT8e52s2v2yvtkaheW342PoXIPu/i2848w/j2oJwdkwevmt0A==",
      "dev": true,
      "license": "MIT",
      "dependencies": {
        "fill-range": "^7.0.1"
      },
      "engines": {
        "node": ">=8"
      }
    },
    "node_modules/browserslist": {
      "version": "4.23.0",
      "resolved": "https://registry.npmjs.org/browserslist/-/browserslist-4.23.0.tgz",
      "integrity": "sha512-3022/eP5a0byk2Pge2t2mYvPmqj51fO8KqQUBGf4ETt8hI/D1n/VKj5c2s+aLLSRYkMPrGmrQjFA7iJfyCiFBw==",
      "dev": true,
      "funding": [
        {
          "type": "opencollective",
          "url": "https://opencollective.com/browserslist"
        },
        {
          "type": "tidelift",
          "url": "https://tidelift.com/subscription/pkg/npm-browserslist"
        },
        {
          "type": "github",
          "url": "https://github.com/sponsors/ai"
        }
      ],
      "license": "MIT",
      "dependencies": {
        "caniuse-lite": "^1.0.30001591",
        "electron-to-chromium": "^1.4.784",
        "node-releases": "^2.0.14",
        "update-browserslist-db": "^1.0.13"
      },
      "bin": {
        "browserslist": "cli.js"
      },
      "engines": {
        "node": "^6 || ^7 || ^8 || ^9 || ^10 || ^11 || ^12 || >=13.7"
      }
    },
    "node_modules/camelcase-css": {
      "version": "2.0.1",
      "resolved": "https://registry.npmjs.org/camelcase-css/-/camelcase-css-2.0.1.tgz",
      "integrity": "sha512-Q+2bPSUri9VbBkB2aG2+iI5a1Txdl3y/l23z12J1x61/py523M9s032k281WIv/cvl8SQBwh3w2v37H3aA2wIQ==",
      "dev": true,
      "license": "MIT",
      "engines": {
        "node": ">= 6"
      }
    },
    "node_modules/caniuse-lite": {
      "version": "1.0.30001633",
      "resolved": "https://registry.npmjs.org/caniuse-lite/-/caniuse-lite-1.0.30001633.tgz",
      "integrity": "sha512-b/u/lzkYQ8tS0yUzwvts513oV908n54bQAVwR494YpG4e1gCtk/O1Q2w+tT0K3plmC/O548e6tU+2S0Q4T14g==",
      "dev": true,
      "funding": [
        {
          "type": "opencollective",
          "url": "https://opencollective.com/browserslist"
        },
        {
          "type": "tidelift",
          "url": "https://tidelift.com/subscription/pkg/npm-caniuse-lite"
        }
      ],
      "license": "CC-BY-4.0"
    },
    "node_modules/chalk": {
      "version": "4.1.2",
      "resolved": "https://registry.npmjs.org/chalk/-/chalk-4.1.2.tgz",
      "integrity": "sha512-oKnbhFyRIXpUuez8iBMmyEa4nbj4IOQyuhc/wy9kY7/WVPcwIO9VA668P8fhPIGCFIBzWPGUH8SRis2anyoneg==",
      "dev": true,
      "license": "MIT",
      "dependencies": {
        "ansi-styles": "^4.1.0",
        "supports-color": "^7.1.0"
      },
      "engines": {
        "node": ">=10"
      },
      "funding": {
        "url": "https://github.com/chalk/chalk?sponsor=1"
      }
    },
    "node_modules/chokidar": {
      "version": "3.6.0",
      "resolved": "https://registry.npmjs.org/chokidar/-/chokidar-3.6.0.tgz",
      "integrity": "sha512-7VT13fmJBnNa+xZWn1+Yj5RILd2t23/WMvwcixCa10e14j2b4dQSrol6+is2wb5MMP2bLmpVMyb+gPAy23d2hQ==",
      "dev": true,
      "funding": [
        {
          "type": "individual",
          "url": "https://paulmillr.com/funding/"
        }
      ],
      "license": "MIT",
      "dependencies": {
        "anymatch": "~3.1.2",
        "braces": "~3.0.2",
        "glob-parent": "~5.1.2",
        "is-binary-path": "~2.1.0",
        "is-glob": "~4.0.3",
        "normalize-path": "~3.0.0",
        "readdirp": "~3.6.0"
      },
      "engines": {
        "node": ">= 8.10.0"
      },
      "optionalDependencies": {
        "fsevents": "~2.3.2"
      }
    },
    "node_modules/chokidar/node_modules/glob-parent": {
      "version": "5.1.2",
      "resolved": "https://registry.npmjs.org/glob-parent/-/glob-parent-5.1.2.tgz",
      "integrity": "sha512-AOIgSQCepiCVvonrdLzIFow6WGaJyGJQ1LEeHsplRisb6LgFLvkoc5/KTaU0aErEBdQn89zP1yEaEW/q//IIeA==",
      "dev": true,
      "license": "ISC",
      "dependencies": {
        "is-glob": "^4.0.1"
      },
      "engines": {
        "node": ">= 6"
      }
    },
    "node_modules/chokidar/node_modules/is-glob": {
      "version": "4.0.3",
      "resolved": "https://registry.npmjs.org/is-glob/-/is-glob-4.0.3.tgz",
      "integrity": "sha512-xelSayIuYgC05cCViWCFThUlsczYm5wK56I4wIoQfk2k5oWd3WKEWAiGpgwWdwfBpHpD82Zw5sr43HU88coA5A==",
      "dev": true,
      "license": "MIT",
      "dependencies": {
        "is-extglob": "^2.1.1"
      },
      "engines": {
        "node": ">= 0.10.0"
      }
    },
    "node_modules/color-convert": {
      "version": "2.0.1",
      "resolved": "https://registry.npmjs.org/color-convert/-/color-convert-2.0.1.tgz",
      "integrity": "sha512-RRECPsjNFdsZCvEojSSUsqyHgAiBrdMLedvClaNgRXwsMabfmHyoM1AClAc9I+eBpF2asA88r9BeSSxxFNucwQ==",
      "dev": true,
      "license": "MIT",
      "dependencies": {
        "color-name": "~1.1.4"
      },
      "engines": {
        "node": ">=7.0.0"
      }
    },
    "node_modules/color-name": {
      "version": "1.1.4",
      "resolved": "https://registry.npmjs.org/color-name/-/color-name-1.1.4.tgz",
      "integrity": "sha512-dOy+3AuW3a2wNbYHIuMZpTcgjGuLU/uBL/ubcZF9OXbDo8ff4O8yVp5Bf0efS8uEoYo5q4Fx7dY9OgQGXgAsQA==",
      "dev": true,
      "license": "MIT"
    },
    "node_modules/commander": {
      "version": "10.0.1",
      "resolved": "https://registry.npmjs.org/commander/-/commander-10.0.1.tgz",
      "integrity": "sha512-yI4wT3ma69vlyB1jA3PuDjtOztAkDShg5v8F02v0oB1CfiFzB9LNNQzI0nlt9P2n4hUe6E/4SSECZMfp+Acvew==",
      "dev": true,
      "license": "MIT",
      "engines": {
        "node": ">= 14"
      }
    },
    "node_modules/convert-source-map": {
      "version": "2.0.0",
      "resolved": "https://registry.npmjs.org/convert-source-map/-/convert-source-map-2.0.0.tgz",
      "integrity": "sha512-KvpKczDy58VeG31QJG3gT0d/uSfk2XQ0k880k2R1n2b2/6w0wdt7M+fx4Sj0dzx+pY/S8sHmsa50+a4smxj6g==",
      "dev": true,
      "license": "MIT"
    },
    "node_modules/csstype": {
      "version": "3.1.3",
      "resolved": "https://registry.npmjs.org/csstype/-/csstype-3.1.3.tgz",
      "integrity": "sha512-M1uQkMl8rQK/szD0LNhtcwLyFjvLIkQCHmsDCpFFHR4A2r3MkpH3F1ETI1oGqb23eYPHSTo3k4IJoaAwKEnIPw==",
      "dev": true,
      "license": "MIT"
    },
    "node_modules/detect-pkg-manager": {
      "version": "3.0.1",
      "resolved": "https://registry.npmjs.org/detect-pkg-manager/-/detect-pkg-manager-3.0.1.tgz",
      "integrity": "sha512-Y127gSjLhQGcB/8a3n2p0Kx2Sj2vG8qWqwv32s7Mmg8k1sR+D/2aGuuD4e0y5b/8Laa/2bW55eFz3Tj2gA==",
      "dev": true,
      "license": "MIT",
      "bin": {
        "detect-package-manager": "index.js"
      }
    },
    "node_modules/didyoumean": {
      "version": "1.2.2",
      "resolved": "https://registry.npmjs.org/didyoumean/-/didyoumean-1.2.2.tgz",
      "integrity": "sha512-qnsG1NStwub3oE8ahe2k2a9/0s2i0j4g4B21S/tY48t/3a5eWA/fYsY9Dde3i7dd1vMEupSoGN37a/2yjw7w==",
      "dev": true,
      "license": "MIT"
    },
    "node_modules/electron-to-chromium": {
      "version": "1.4.793",
      "resolved": "https://registry.npmjs.org/electron-to-chromium/-/electron-to-chromium-1.4.793.tgz",
      "integrity": "sha512-/O3qPqs6Vl0fV1c3jCtkp59JdpF/xR/ETB4jUfQ26gC2vbx/UoD0GtvXfN1bQTUq2wHk3YAF0dKjAFlg+aG6Tw==",
      "dev": true,
      "license": "MIT"
    },
    "node_modules/es-module-lexer": {
      "version": "1.5.2",
      "resolved": "https://registry.npmjs.org/es-module-lexer/-/es-module-lexer-1.5.2.tgz",
      "integrity": "sha512-I2pT2R40tP47P+C//QoYatbTBEz4Yw9aPPlt1b2Oko0HLqTTP1jF82uQ6ORTWFl1i+3lWXS83jTxK4/dTL4cow==",
      "dev": true,
      "license": "MIT"
    },
    "node_modules/esbuild": {
      "version": "0.21.4",
      "resolved": "https://registry.npmjs.org/esbuild/-/esbuild-0.21.4.tgz",
      "integrity": "sha512-K62/c2+NLs2d16w+t32dMptv0uR4U74Wjsn/qy8vLdIPm+P4nSZe8sJWaZwtcaW/bJqA1Z2hXwDkBYupjT2Gtg==",
      "dev": true,
      "hasInstallScript": true,
      "license": "MIT",
      "bin": {
        "esbuild": "bin/esbuild"
      },
      "engines": {
        "node": ">=12"
      },
      "optionalDependencies": {
        "@esbuild/android-arm": "0.21.4",
        "@esbuild/android-arm64": "0.21.4",
        "@esbuild/android-x64": "0.21.4",
        "@esbuild/darwin-arm64": "0.21.4",
        "@esbuild/darwin-x64": "0.21.4",
        "@esbuild/freebsd-arm64": "0.21.4",
        "@esbuild/freebsd-x64": "0.21.4",
        "@esbuild/linux-arm": "0.21.4",
        "@esbuild/linux-arm64": "0.21.4",
        "@esbuild/linux-ia32": "0.21.4",
        "@esbuild/linux-loong64": "0.21.4",
        "@esbuild/linux-mips64el": "0.21.4",
        "@esbuild/linux-ppc64le": "0.21.4",
        "@esbuild/linux-riscv64": "0.21.4",
        "@esbuild/linux-s390x": "0.21.4",
        "@esbuild/linux-x64": "0.21.4",
        "@esbuild/netbsd-x64": "0.21.4",
        "@esbuild/openbsd-x64": "0.21.4",
        "@esbuild/sunos-x64": "0.21.4",
        "@esbuild/win32-arm64": "0.21.4",
        "@esbuild/win32-ia32": "0.21.4",
        "@esbuild/win32-x64": "0.21.4"
      }
    },
    "node_modules/eslint-plugin-import": {
      "version": "2.29.1",
      "resolved": "https://registry.npmjs.org/eslint-plugin-import/-/eslint-plugin-import-2.29.1.tgz",
      "integrity": "sha512-r7aAMTCfLhzB7EWSxQAFf2dWoEKY821MS/J3cAePBB05/EK7e+s6h8p29TeoUUv2aRibNdWf/sH5Wn/Tawp+OA==",
      "dev": true,
      "license": "MIT",
      "dependencies": {
        "array-includes": "^3.1.7",
        "array.prototype.flat": "^1.3.2",
        "array.prototype.flatmap": "^1.3.1",
        "debug": "^2.6.9",
        "doctrine": "^2.1.0",
        "es-abstract": "^1.22.1",
        "es-main": "^1.3.0",
        "eslint-import-resolver-node": "^0.3.9",
        "eslint-module-utils": "^2.8.0",
        "has": "^1.0.3",
        "is-core-module": "^2.13.1",
        "is-glob": "^4.0.3",
        "minimatch": "^3.1.2",
        "object.values": "^1.1.7",
        "resolve": "^2.0.0-next.5",
        "semver": "^6.3.1",
        "tsconfig-paths": "^3.14.2"
      },
      "engines": {
        "node": ">=4"
      },
      "peerDependencies": {
        "eslint": "^2 || ^3 || ^4 || ^5 || ^6 || ^7 || ^8"
      }
    },
    "node_modules/eslint-plugin-import/node_modules/debug": {
      "version": "2.6.9",
      "resolved": "https://registry.npmjs.org/debug/-/debug-2.6.9.tgz",
      "integrity": "sha512-bC7ElrdJaJnPbAP+1EotY2aRY/HooEblAe++BbTBmyFBVH2hpqaSsfxpIsc1iUb1hBrsotOMtSPxdsBCb3e3pg==",
      "dev": true,
      "license": "MIT",
      "dependencies": {
        "ms": "2.0.0"
      }
    },
    "node_modules/eslint-plugin-import/node_modules/ms": {
      "version": "2.0.0",
      "resolved": "https://registry.npmjs.org/ms/-/ms-2.0.0.tgz",
      "integrity": "sha512-Tpp60P6IUJDTuOq/5Z8cdskzJdnhlTkrbeM/wi/h2dBGeEzI5D2srTlMoF4i6xpxD9OqNbghAnVIhXlqKDECoA==",
      "dev": true,
      "license": "MIT"
    },
    "node_modules/eslint-plugin-jsx-a11y": {
      "version": "6.8.0",
      "resolved": "https://registry.npmjs.org/eslint-plugin-jsx-a11y/-/eslint-plugin-jsx-a11y-6.8.0.tgz",
      "integrity": "sha512-w2Lpdi+ADZX3k2j3LVD4d/f29pIHlB2hlr2j0VwRj8kFIs4n2yGfgy97d05P0aYIIyQ9C3eMh3W26YkX/a+3g==",
      "dev": true,
      "license": "MIT",
      "dependencies": {
        "@babel/runtime": "^7.23.2",
        "aria-query": "^5.3.0",
        "array-includes": "^3.1.7",
        "array.prototype.flatmap": "^1.3.2",
        "ast-types-flow": "^0.0.7",
        "axe-core": "^4.8.2",
        "axobject-query": "^3.2.1",
        "damerau-levenshtein": "^1.0.8",
        "emoji-regex": "^9.2.2",
        "has": "^1.0.3",
        "is-hidden": "^1.1.2",
        "jsx-ast-utils": "^3.3.5",
        "language-tags": "^1.0.9",
        "minimatch": "^3.1.2",
        "object.entries": "^1.1.7",
        "semver": "^6.3.1"
      },
      "engines": {
        "node": ">=4.0"
      },
      "peerDependencies": {
        "eslint": "^3 || ^4 || ^5 || ^6 || ^7 || ^8"
      }
    },
    "node_modules/eslint-plugin-react-hooks": {
      "version": "4.6.2",
      "resolved": "https://registry.npmjs.org/eslint-plugin-react-hooks/-/eslint-plugin-react-hooks-4.6.2.tgz",
      "integrity": "sha512-HPbgDqTRwT2yBd+4RNTS8b2f+bQh8qp2kltP5RCSjQ8d7TdvfS/dpzmxclK1ij/Z49454i3/DIhsmv5Wl42KSA==",
      "dev": true,
      "license": "MIT",
      "engines": {
        "node": ">=10"
      },
      "peerDependencies": {
        "eslint": "^3.0.0 || ^4.0.0 || ^5.0.0 || ^6.0.0 || ^7.0.0 || ^8.0.0"
      }
    },
    "node_modules/eslint-plugin-react-refresh": {
      "version": "0.4.7",
      "resolved": "https://registry.npmjs.org/eslint-plugin-react-refresh/-/eslint-plugin-react-refresh-0.4.7.tgz",
      "integrity": "sha512-hmk0234n2hYc12j+tlg11vIqj/f0yK2sXOOxAd64a+9s6nKj6a+1/G5I3pcckdjWx+2Xm9/07uGf7Jdsoz+9w==",
      "dev": true,
      "license": "MIT",
      "peerDependencies": {
        "eslint": ">=6.0.0"
      }
    },
    "node_modules/estree-walker": {
      "version": "2.0.2",
      "resolved": "https://registry.npmjs.org/estree-walker/-/estree-walker-2.0.2.tgz",
      "integrity": "sha512-Rfkk/Mp/Y+05dn7iXPpaf+g7E+oR0gBFd0kPAy2E1J2p1wAF5YKIU/oDgBGDhQieyT0QY3tABpTdwzJ+s4xBAQ==",
      "dev": true,
      "license": "MIT"
    },
    "node_modules/fill-range": {
      "version": "7.0.1",
      "resolved": "https://registry.npmjs.org/fill-range/-/fill-range-7.0.1.tgz",
      "integrity": "sha512-qOo9F+dMtkC+iCb8XPuhL4GTjMWESbGUI8DRKVmb0dMDlCIl8NqhS6yAhiKE8Ymo82clDNJXIme/i0MxqL8fHg==",
      "dev": true,
      "license": "MIT",
      "dependencies": {
        "to-regex-range": "^5.0.1"
      },
      "engines": {
        "node": ">=8"
      }
    },
    "node_modules/fsevents": {
      "version": "2.3.3",
      "resolved": "https://registry.npmjs.org/fsevents/-/fsevents-2.3.3.tgz",
      "integrity": "sha512-5rrqanwR3w4W6oo4P3pVEsY33eR/iGDYxSpCa+iY8P0i12T45hMvG20xMh4jD2yXNfE+H9/w3jM3aYQx2M22g==",
      "dev": true,
      "hasInstallScript": true,
      "license": "MIT",
      "optional": true,
      "os": [
        "darwin"
      ],
      "engines": {
        "node": "^8.16.0 || ^10.6.0 || >=11.0.0"
      }
    },
    "node_modules/function-bind": {
      "version": "1.1.2",
      "resolved": "https://registry.npmjs.org/function-bind/-/function-bind-1.1.2.tgz",
      "integrity": "sha512-714u4Q5rY58LqxWqx5CMQ0wScI65xKPNePaK3ESlFq53nNIy7RmahjxXoFvopr0iCj//8kxFj2os2s6sB1gAaw==",
      "dev": true,
      "license": "MIT",
      "funding": {
        "url": "https://github.com/sponsors/ljharb"
      }
    },
    "node_modules/get-tsconfig": {
      "version": "4.7.5",
      "resolved": "https://registry.npmjs.org/get-tsconfig/-/get-tsconfig-4.7.5.tgz",
      "integrity": "sha512-R7M/PqD0pquP0w2YQc+i68UjAmlb/lWqJjeBGt5l/Nf3v7SCTq47Yx84/yTr/nFpl1/yP+t3xVzLWB8Q2uA/Dw==",
      "dev": true,
      "license": "MIT",
      "dependencies": {
        "json-parse-even-better-errors": "^2.3.1"
      },
      "bin": {
        "get-tsconfig": "dist/cli.js"
      }
    },
    "node_modules/glob": {
      "version": "10.3.15",
      "resolved": "https://registry.npmjs.org/glob/-/glob-10.3.15.tgz",
      "integrity": "sha512-B6YyWJ8vW3Q2f/94p3kU/2/4C3xQ2iXbYhS/801v0iQW262Iqeu7CjP1iC/2bLh/mJ+xxIEv/x/4w==",
      "dev": true,
      "license": "ISC",
      "dependencies": {
        "fs.realpath": "^1.0.0",
        "minimatch": "^9.0.4",
        "path-scurry": "^1.10.2"
      },
      "engines": {
        "node": ">=16 || 14 >=14.17"
      },
      "funding": {
        "url": "https://github.com/sponsors/isaacs"
      }
    },
    "node_modules/glob/node_modules/minimatch": {
      "version": "9.0.4",
      "resolved": "https://registry.npmjs.org/minimatch/-/minimatch-9.0.4.tgz",
      "integrity": "sha512-K2tT2tuB7g6rgf/BUv2P5p5t1S4TEdTY3Yv24X32t8/h5D1f5uJ4j6zL1f2/bQaK2urwGP+sN1pjw7wP/y/hg==",
      "dev": true,
      "license": "ISC",
      "dependencies": {
        "brace-expansion": "^2.0.1"
      },
      "engines": {
        "node": ">=16 || 14 >=14.17"
      },
      "funding": {
        "url": "https://github.com/sponsors/isaacs"
      }
    },
    "node_modules/has": {
      "version": "1.0.4",
      "resolved": "https://registry.npmjs.org/has/-/has-1.0.4.tgz",
      "integrity": "sha512-qP1b5t2vkJvpT4/FfW0d28T7I9tKxWkS3f9G3aSa3b+aFkI/5f8czuYyFdbSC+7TjWp/0klY8VnNhw2w==",
      "dev": true,
      "license": "MIT",
      "dependencies": {
        "function-bind": "^1.1.2"
      },
      "engines": {
        "node": ">= 0.4.0"
      },
      "funding": {
        "url": "https://github.com/sponsors/ljharb"
      }
    },
    "node_modules/has-flag": {
      "version": "4.0.0",
      "resolved": "https://registry.npmjs.org/has-flag/-/has-flag-4.0.0.tgz",
      "integrity": "sha512-EykJT/Q1KjTWctppgIANEbYpGLNWTT41f6bUT5l3El268ok6F2DQpjKN2kacTFuobO9fbr8ssufss3LoHvK7uA==",
      "dev": true,
      "license": "MIT",
      "engines": {
        "node": ">=8"
      }
    },
    "node_modules/is-binary-path": {
      "version": "2.1.0",
      "resolved": "https://registry.npmjs.org/is-binary-path/-/is-binary-path-2.1.0.tgz",
      "integrity": "sha512-ZzjnRs423/mN/VbRgHkQyQi3mmNkF/b8S2zNMkCa+DMaZWd/xZp2FapClpw2VRYu6dI1EaKe3QAbNMggkL3ZLA==",
      "dev": true,
      "license": "MIT",
      "dependencies": {
        "binary-extensions": "^2.0.0"
      },
      "engines": {
        "node": ">=8"
      }
    },
    "node_modules/is-extglob": {
      "version": "2.1.1",
      "resolved": "https://registry.npmjs.org/is-extglob/-/is-extglob-2.1.1.tgz",
      "integrity": "sha512-SbKbANkN603Vi4jTvfzSM1CR3RuZtKP21GzL93t91B2mSSAf+cIXAn3c/IeyLE2N8E3f6sHeNh2k/s53sI+Vdg==",
      "dev": true,
      "license": "MIT",
      "engines": {
        "node": ">=0.10.0"
      }
    },
    "node_modules/is-glob": {
      "version": "4.0.3",
      "resolved": "https://registry.npmjs.org/is-glob/-/is-glob-4.0.3.tgz",
      "integrity": "sha512-xelSayIuYgC05cCViWCFThUlsczYm5wK56I4wIoQfk2k5oWd3WKEWAiGpgwWdwfBpHpD82Zw5sr43HU88coA5A==",
      "dev": true,
      "license": "MIT",
      "dependencies": {
        "is-extglob": "^2.1.1"
      },
      "engines": {
        "node": ">= 0.10.0"
      }
    },
    "node_modules/is-number": {
      "version": "7.0.0",
      "resolved": "https://registry.npmjs.org/is-number/-/is-number-7.0.0.tgz",
      "integrity": "sha512-41Cifkg6e8TylSpdtTpeLVMqvSBEVzTttHvERD741+pnZ8ANv0004MRL43QKPDlK9rLSo9M2bPxFSTt2es7pDQ==",
      "dev": true,
      "license": "MIT",
      "engines": {
        "node": ">=0.12.0"
      }
    },
    "node_modules/is-plain-object": {
      "version": "5.0.0",
      "resolved": "https://registry.npmjs.org/is-plain-object/-/is-plain-object-5.0.0.tgz",
      "integrity": "sha512-FxIIK7VqFMhkXLTgFYB3wdV88Ycsj/0jr9s7Z592yV1b/Tq0DyB5p8r2kM4PA+YgbsQfVAY8pD1A/eYX+9zW5g==",
      "dev": true,
      "license": "MIT",
      "engines": {
        "node": ">=0.10.0"
      }
    },
    "node_modules/js-tokens": {
      "version": "4.0.0",
      "resolved": "https://registry.npmjs.org/js-tokens/-/js-tokens-4.0.0.tgz",
      "integrity": "sha512-RdJUflcE3cUzKiMqQgsCu06FPu9UdIJO0beYbPhHN4k6apgJtifcoCtT9bcxOpYBtpD2kCM6Sbzg4CausW/PKQ==",
      "license": "MIT"
    },
    "node_modules/json-parse-even-better-errors": {
      "version": "2.3.1",
      "resolved": "https://registry.npmjs.org/json-parse-even-better-errors/-/json-parse-even-better-errors-2.3.1.tgz",
      "integrity": "sha512-y/7+RK5fQMu4/DTUs9SP42eIcJ23ZI5uOd8BW1w99w4cKAhRhA4sZN5gsW9jW/PCPy9hTGwXIb9oDqd235+RAQ==",
      "dev": true,
      "license": "MIT"
    },
    "node_modules/js-yaml": {
      "version": "4.1.0",
      "resolved": "https://registry.npmjs.org/js-yaml/-/js-yaml-4.1.0.tgz",
      "integrity": "sha512-wpxZs9NoxZaJESJGIZTyDEaYpl0FKSA+FB9aJiyemKhMwkxQg63h4T1KJgUGHpTqPDNRcmmYLWsrR27LQLmcxA==",
      "dev": true,
      "license": "MIT",
      "dependencies": {
        "argparse": "^2.0.1"
      },
      "bin": {
        "js-yaml": "bin/js-yaml.js"
      }
    },
    "node_modules/lilconfig": {
      "version": "2.1.0",
      "resolved": "https://registry.npmjs.org/lilconfig/-/lilconfig-2.1.0.tgz",
      "integrity": "sha512-utWOt/GHzuUeC61jgefs643keTe73/hmxNMXW4JEt1Vbyg4G3I5byAEwFkM/y4oM30GvYxlpAE95It5t+gEwQw==",
      "dev": true,
      "license": "MIT",
      "engines": {
        "node": ">=10"
      }
    },
    "node_modules/lines-and-columns": {
      "version": "1.2.4",
      "resolved": "https://registry.npmjs.org/lines-and-columns/-/lines-and-columns-1.2.4.tgz",
      "integrity": "sha512-7y/wnr2gCegoEsDTTTBix52Ea+01EV42M+APW3n22h2fA/02m4C0HB7zStG3tRS0h3/sIAc/9oA2xa0hif3wA==",
      "dev": true,
      "license": "MIT"
    },
    "node_modules/loose-envify": {
      "version": "1.4.0",
      "resolved": "https://registry.npmjs.org/loose-envify/-/loose-envify-1.4.0.tgz",
      "integrity": "sha512-lyuxPGr/Wfhrlem2CL/UcnUc1zcqKA3a2eYUrN7k5uU1u8zeMxtCYecQh4IFQms4JDev54AbI1EEESGtAIlC6A==",
      "license": "MIT",
      "dependencies": {
        "js-tokens": "^3.0.0 || ^4.0.0"
      },
      "bin": {
        "loose-envify": "cli.js"
      }
    },
    "node_modules/lru-cache": {
      "version": "10.2.2",
      "resolved": "https://registry.npmjs.org/lru-cache/-/lru-cache-10.2.2.tgz",
      "integrity": "sha512-9cRB33k68bM9d/W2KT7e/s/2NIuKyM/0Hh/QkR2wnO4T/yKj6eubD4Jz+sAwcxbfb5z0r2Tpt5zXfM+tM+s1lg==",
      "dev": true,
      "license": "ISC",
      "engines": {
        "node": "14 || >=16.14"
      }
    },
    "node_modules/magic-string": {
      "version": "0.30.10",
      "resolved": "https://registry.npmjs.org/magic-string/-/magic-string-0.30.10.tgz",
      "integrity": "sha512-iMVs2+1g2w+pjyGqL53BAQT9PX8x4O1a89p+Xv628xK7/pAxY15SiaKCbRA/a2Z5eOhc/GjG45LODs2sNp59mg==",
      "dev": true,
      "license": "MIT",
      "dependencies": {
        "@jridgewell/sourcemap-codec": "^1.4.15"
      },
      "engines": {
        "node": ">=12"
      }
    },
    "node_modules/micromatch": {
      "version": "4.0.5",
      "resolved": "https://registry.npmjs.org/micromatch/-/micromatch-4.0.5.tgz",
      "integrity": "sha512-D1OwpY1Cb03HJfkWGAaKRWufGR+tBwA7O16Ue/7RblX0X/CEa02KFO/eZ1rS/brljfL8U14O1W2dXK+k3U0M3Q==",
      "dev": true,
      "license": "MIT",
      "dependencies": {
        "braces": "^3.0.2",
        "picomatch": "^2.3.1"
      },
      "engines": {
        "node": ">=8.6"
      }
    },
    "node_modules/minimist": {
      "version": "1.2.8",
      "resolved": "https://registry.npmjs.org/minimist/-/minimist-1.2.8.tgz",
      "integrity": "sha512-2yyAR8qkvESfgkeKk3eQ2UK9Q9oY6ED/CgOcUgTVscw+KEkIdNb9ENE3BAb6oVIrqo9brmrypUo1a3d+xALdVg==",
      "dev": true,
      "funding": {
        "url": "https://github.com/sponsors/ljharb"
      },
      "license": "MIT"
    },
    "node_modules/nanoid": {
      "version": "3.3.7",
      "resolved": "https://registry.npmjs.org/nanoid/-/nanoid-3.3.7.tgz",
      "integrity": "sha512-eSRppjcPIat8EXwGeL1DBK02sitYxZuM3fPdr2YN2upH5ax2WhIcxXrs4DYTRmGKwSgZEU9sLcxuZXLh4GJUkw==",
      "dev": true,
      "funding": [
        {
          "type": "github",
          "url": "https://github.com/sponsors/ai"
        }
      ],
      "license": "MIT",
      "bin": {
        "nanoid": "bin/nanoid.js"
      },
      "engines": {
        "node": "^10 || ^12 || ^13.7 || ^14 || >=15.0.1"
      }
    },
    "node_modules/node-releases": {
      "version": "2.0.14",
      "resolved": "https://registry.npmjs.org/node-releases/-/node-releases-2.0.14.tgz",
      "integrity": "sha512-yJCLoKRfo1NAJeo4xSA6Fm2C/oRT33i0cVKCgE43h7V3Q224yGL6rsb84aBMA0a4BYFrw84gJg2oFmB5v3I5gQ==",
      "dev": true,
      "funding": [
        {
          "type": "opencollective",
          "url": "https://opencollective.com/browserslist"
        },
        {
          "type": "tidelift",
          "url": "https://tidelift.com/subscription/pkg/npm-node-releases"
        }
      ],
      "license": "MIT"
    },
    "node_modules/normalize-path": {
      "version": "3.0.0",
      "resolved": "https://registry.npmjs.org/normalize-path/-/normalize-path-3.0.0.tgz",
      "integrity": "sha512-6ePaHxX6CR2RzC2+aeEu6Br6UvhGhtii24101OKZTInM3S+T9G2U1+fl3Tp7MUeWGYgTM4gFSSMe3VwWcF46RA==",
      "dev": true,
      "license": "MIT",
      "engines": {
        "node": ">=0.10.0"
      }
    },
    "node_modules/object-hash": {
      "version": "3.0.0",
      "resolved": "https://registry.npmjs.org/object-hash/-/object-hash-3.0.0.tgz",
      "integrity": "sha512-RSn9F68PjH9HqtltsSnqYL21F5tLpHDccn872u2+225iCVhG3IMQdYY3pi42T15k9r031p49kifw2Dsdc2q0BA==",
      "dev": true,
      "license": "MIT",
      "engines": {
        "node": ">= 6"
      }
    },
    "node_modules/path-scurry": {
      "version": "1.11.0",
      "resolved": "https://registry.npmjs.org/path-scurry/-/path-scurry-1.11.0.tgz",
      "integrity": "sha512-s/aEWHbEecaNqDBYsmkPzIil2n45UfU2vO3TBOuCwf/qHl/tGnZZzdL983V2vNnHuQp+t09E6zYvj1L9oE9dRg==",
      "dev": true,
      "license": "ISC",
      "dependencies": {
        "lru-cache": "^10.0.0",
        "minimatch": "^9.0.3"
      },
      "engines": {
        "node": ">=16 || 14 >=14.17"
      },
      "funding": {
        "url": "https://github.com/sponsors/isaacs"
      }
    },
    "node_modules/path-scurry/node_modules/minimatch": {
      "version": "9.0.4",
      "resolved": "https://registry.npmjs.org/minimatch/-/minimatch-9.0.4.tgz",
      "integrity": "sha512-K2tT2tuB7g6rgf/BUv2P5p5t1S4TEdTY3Yv24X32t8/h5D1f5uJ4j6zL1f2/bQaK2urwGP+sN1pjw7wP/y/hg==",
      "dev": true,
      "license": "ISC",
      "dependencies": {
        "brace-expansion": "^2.0.1"
      },
      "engines": {
        "node": ">=16 || 14 >=14.17"
      },
      "funding": {
        "url": "https://github.com/sponsors/isaacs"
      }
    },
    "node_modules/picocolors": {
      "version": "1.0.1",
      "resolved": "https://registry.npmjs.org/picocolors/-/picocolors-1.0.1.tgz",
      "integrity": "sha512-anP1Z8qwhCfnzwO1ktVpcpgfgz2E7iH0AX+9/9Tz42+DzMy6C2/oRTNBG3v4vQv0rOqcNnABsB9wGvD+W3M/QE==",
      "dev": true,
      "license": "ISC"
    },
    "node_modules/picomatch": {
      "version": "2.3.1",
      "resolved": "https://registry.npmjs.org/picomatch/-/picomatch-2.3.1.tgz",
      "integrity": "sha512-JU3teI6mRUp6LAtB1gx+JCG/T1GXpsh+3VpCC8y6G3sgrpwZ/oURdWejdbgtStIoStxY6QfcO2wdsRzS9sl2cw==",
      "dev": true,
      "license": "MIT",
      "engines": {
        "node": ">=8.6"
      },
      "funding": {
        "url": "https://github.com/sponsors/jonschlinkert"
      }
    },
    "node_modules/pify": {
      "version": "2.3.0",
      "resolved": "https://registry.npmjs.org/pify/-/pify-2.3.0.tgz",
      "integrity": "sha512-C22BfOTBrv537k/shi6fG3x/ulIOBHRk328G3d+2aF8V8Lwx1T01xJ2LUPjIWo3vVb+yX9yv/T2p+UoA1W3A==",
      "dev": true,
      "license": "MIT",
      "engines": {
        "node": ">=0.10.0"
      }
    },
    "node_modules/pirates": {
      "version": "4.0.6",
      "resolved": "https://registry.npmjs.org/pirates/-/pirates-4.0.6.tgz",
      "integrity": "sha512-saK2S3sc8V+kY31gXNQj4hB3+KIaOPQ/S300mJp6wG58EwL+P3YKEsHl1yoh1l6T+d6C2+wUxoT4FmM/I+aPQ==",
      "dev": true,
      "license": "MIT",
      "engines": {
        "node": ">= 6"
      }
    },
    "node_modules/postcss": {
      "version": "8.4.38",
      "resolved": "https://registry.npmjs.org/postcss/-/postcss-8.4.38.tgz",
      "integrity": "sha512-W+mIu3lG/2+N2daBfN+y516y059pFHv4aIpH3SE2nbfdHtX5y6U3PUNXCE624sMWKj8zYIo/8xZ10xzQY/dF4w==",
      "dev": true,
      "funding": [
        {
          "type": "opencollective",
          "url": "https://opencollective.com/postcss/"
        },
        {
          "type": "github",
          "url": "https://github.com/sponsors/ai"
        }
      ],
      "license": "MIT",
      "dependencies": {
        "nanoid": "^3.3.7",
        "picocolors": "^1.0.0",
        "source-map-js": "^1.2.0"
      },
      "engines": {
        "node": "^10 || ^12 || >=14"
      }
    },
    "node_modules/postcss-import": {
      "version": "16.1.0",
      "resolved": "https://registry.npmjs.org/postcss-import/-/postcss-import-16.1.0.tgz",
      "integrity": "sha512-p/E9J5j++s4Lp23iS5i2dGgGNE2sQ5DaHDgG0/e84P82kyn1y23ho2dC6T4gS/MIsE9s2c4t2z/4d35IieN8iA==",
      "dev": true,
      "license": "MIT",
      "dependencies": {
        "postcss-value-parser": "^4.2.0",
        "resolve": "^1.22.8",
        "semver": "^7.5.4"
      },
      "engines": {
        "node": ">=14.0.0"
      },
      "peerDependencies": {
        "postcss": "^8.2.14"
      }
    },
    "node_modules/postcss-js": {
      "version": "4.0.1",
      "resolved": "https://registry.npmjs.org/postcss-js/-/postcss-js-4.0.1.tgz",
      "integrity": "sha512-dDLFh34qBu71nDuSrwihs+LwEY3t23gC5iWvYirlNoj25b/23q2fpoXv4n3h9/U/Soz2GBu26o23VfP0A/WduQ==",
      "dev": true,
      "license": "MIT",
      "dependencies": {
        "camelcase-css": "^2.0.1"
      },
      "engines": {
        "node": "^12.0 || >=14.0"
      },
      "peerDependencies": {
        "postcss": "^8.4.12"
      }
    },
    "node_modules/postcss-load-config": {
      "version": "5.1.0",
      "resolved": "https://registry.npmjs.org/postcss-load-config/-/postcss-load-config-5.1.0.tgz",
      "integrity": "sha512-e/b1iH4PjftfI1Cg134pY29zIB+f2hLhL2pvw4a+y3/q0gQyTqnD/oM/l8n0xCHi7+y+kdhQ9k33oG6sK9bC2g==",
      "dev": true,
      "license": "MIT",
      "dependencies": {
        "lilconfig": "^2.1.0",
        "pify": "^2.3.0",
        "yaml": "^2.3.4"
      },
      "engines": {
        "node": ">= 14"
      },
      "peerDependencies": {
        "postcss": ">=8.0.9",
        "ts-node": ">=9.0.0"
      },
      "peerDependenciesMeta": {
        "ts-node": {
          "optional": true
        }
      }
    },
    "node_modules/postcss-nested": {
      "version": "6.0.1",
      "resolved": "https://registry.npmjs.org/postcss-nested/-/postcss-nested-6.0.1.tgz",
      "integrity": "sha512-m3HQY1wiu25/f29eIdrCDFz/i4G8g3uLg2a+sABZ5zB2c2+C9rC2cTqm6kht2vjCSWpTzQf3P3r0gTBC0eB4oA==",
      "dev": true,
      "license": "MIT",
      "peerDependencies": {
        "postcss": "^8.2.14"
      }
    },
    "node_modules/postcss-selector-parser": {
      "version": "6.0.16",
      "resolved": "https://registry.npmjs.org/postcss-selector-parser/-/postcss-selector-parser-6.0.16.tgz",
      "integrity": "sha512-t5oVNhP0Lax2kF7iKzI/yL8SClLqJkL6iGcnbW4iGjNnLwW5f/0bYd3pB+nUj648+wSRhFB/37cQn9Dcw==",
      "dev": true,
      "license": "MIT",
      "dependencies": {
        "cssesc": "^3.0.0",
        "util-deprecate": "^1.0.2"
      },
      "engines": {
        "node": ">=6.0.0"
      }
    },
    "node_modules/postcss-value-parser": {
      "version": "4.2.0",
      "resolved": "https://registry.npmjs.org/postcss-value-parser/-/postcss-value-parser-4.2.0.tgz",
      "integrity": "sha512-1pL+qmox1i+YBFkQ2zC39Lw3uE12W/wSo924eWbB24x22623wAB3Ff42jwUoYgHnEk/WrY2o23KChSkN3pCrw==",
      "dev": true,
      "license": "MIT"
    },
    "node_modules/prettier": {
      "version": "3.3.0",
      "resolved": "https://registry.npmjs.org/prettier/-/prettier-3.3.0.tgz",
      "integrity": "sha512-s9r8p8Sjk9sC0Yc8Co24qVd4/bgoF7E6js3G0RHzWpqNZ0/sFh+vT/7lQFCs2s8t5z2B5u27bTqK9XVyTsf9Pw==",
      "dev": true,
      "license": "MIT",
      "bin": {
        "prettier": "bin/prettier.cjs"
      },
      "engines": {
        "node": ">=14"
      },
      "funding": {
        "url": "https://github.com/prettier/prettier?sponsor=1"
      }
    },
    "node_modules/queue-microtask": {
      "version": "1.2.3",
      "resolved": "https://registry.npmjs.org/queue-microtask/-/queue-microtask-1.2.3.tgz",
      "integrity": "sha512-NuaNSa6flKT5JaSYQzJok04JzTL1CA6aGhv5rfLW3PgqA+M2ChpZQnAC8h8i4ZfY3eW3f3WHe0iSVhiNfY9q7g==",
      "dev": true,
      "funding": [
        {
          "type": "github",
          "url": "https://github.com/sponsors/feross"
        },
        {
          "type": "patreon",
          "url": "https://www.patreon.com/feross"
        },
        {
          "type": "consulting",
          "url": "https://feross.org/support"
        }
      ],
      "license": "MIT"
    },
    "node_modules/react": {
      "version": "18.3.1",
      "resolved": "https://registry.npmjs.org/react/-/react-18.3.1.tgz",
      "integrity": "sha512-wS+hAgJShR0KH+9CLdG3fNqOJYODaLZFdStnB9ixIs6vooK2BJXq+uDAFEeVkGz7vAlSgT8oA2FpW3+3tmxqHQ==",
      "license": "MIT",
      "dependencies": {
        "loose-envify": "^1.1.0",
        "scheduler": "^0.23.2"
      },
      "engines": {
        "node": ">=0.10.0"
      }
    },
    "node_modules/react-dom": {
      "version": "18.3.1",
      "resolved": "https://registry.npmjs.org/react-dom/-/react-dom-18.3.1.tgz",
      "integrity": "sha512-5m4lBcnbRBjoKjM9Fm2oP1su033TM0Y2B5e1RF3w/9Y2lC2AYC/el3tRL4g/tCrtTMM1tLksd9vSjL2Hw3a7yA==",
      "license": "MIT",
      "dependencies": {
        "loose-envify": "^1.1.0",
        "scheduler": "^0.23.2"
      },
      "peerDependencies": {
        "react": "^18.3.1"
      }
    },
    "node_modules/readdirp": {
      "version": "3.6.0",
      "resolved": "https://registry.npmjs.org/readdirp/-/readdirp-3.6.0.tgz",
      "integrity": "sha512-hOS089on8Rduqdbwhm/azwWd+iM+XdFRqQt3oxRLzPA8i8/gXwgL7VPtlOKgInFekPUIgIFd2gUaKwI5iTzylw==",
      "dev": true,
      "license": "MIT",
      "dependencies": {
        "picomatch": "^2.2.1"
      },
      "engines": {
        "node": ">=8.10.0"
      }
    },
    "node_modules/resolve": {
      "version": "1.22.8",
      "resolved": "https://registry.npmjs.org/resolve/-/resolve-1.22.8.tgz",
      "integrity": "sha512-oKWePCxqpd6F2o7iO6Am2jVN5VPbKjOQ51Avf3Y30vO3UII8YJdYQLmuqP8i2F2gTLs8B7S4/4NBug5k3yU2wQ==",
      "dev": true,
      "license": "MIT",
      "dependencies": {
        "is-core-module": "^2.13.0",
        "path-parse": "^1.0.7",
        "supports-preserve-symlinks-flag": "^1.0.0"
      },
      "bin": {
        "resolve": "bin/resolve"
      },
      "funding": {
        "url": "https://github.com/sponsors/ljharb"
      }
    },
    "node_modules/rollup": {
      "version": "4.18.0",
      "resolved": "https://registry.npmjs.org/rollup/-/rollup-4.18.0.tgz",
      "integrity": "sha512-d+iKdlG7L2A3F33j7c/8e8LwV02R7S2k5k22/Y+dJmgN1B+aBSoz5T/Yl+fPE1qCjXATh4G4ftm42Bf5i5O/g==",
      "dev": true,
      "license": "MIT",
      "bin": {
        "rollup": "dist/bin/rollup"
      },
      "engines": {
        "node": ">=18.0.0",
        "npm": ">=8.0.0"
      },
      "optionalDependencies": {
        "fsevents": "~2.3.2"
      }
    },
    "node_modules/run-parallel": {
      "version": "1.2.0",
      "resolved": "https://registry.npmjs.org/run-parallel/-/run-parallel-1.2.0.tgz",
      "integrity": "sha512-5l49uy4A4DSO46yrb8i32i2h2k27usYOKK5EDZB5vJjLgD9OKd/hTjdbw7g2p02142NfkzFz5/TQEfE45iBmg==",
      "dev": true,
      "funding": [
        {
          "type": "github",
          "url": "https://github.com/sponsors/feross"
        },
        {
          "type": "patreon",
          "url": "https://www.patreon.com/feross"
        },
        {
          "type": "consulting",
          "url": "https://feross.org/support"
        }
      ],
      "license": "MIT",
      "dependencies": {
        "queue-microtask": "^1.2.2"
      }
    },
    "node_modules/scheduler": {
      "version": "0.23.2",
      "resolved": "https://registry.npmjs.org/scheduler/-/scheduler-0.23.2.tgz",
      "integrity": "sha512-EaCxbanVeyxaddNGmG31a5+1gtODe3/lklA4aMM1e2iDe0i3mI/16xl66sHZlT+yN21fL/0/0y8v/cKxYx2Uqw==",
      "license": "MIT",
      "dependencies": {
        "loose-envify": "^1.1.0"
      }
    },
    "node_modules/semver": {
      "version": "7.6.2",
      "resolved": "https://registry.npmjs.org/semver/-/semver-7.6.2.tgz",
      "integrity": "sha512-FNAIBWCx9qcRho8ACSTmMdkTnwU6D52Y2K2IgevFTi9UkaHiDApT0eLyGvjUhv4S30mGmaSmk71Y/2jVw2xYVw==",
      "dev": true,
      "license": "ISC",
      "dependencies": {
        "lru-cache": "^6.0.0"
      },
      "bin": {
        "semver": "bin/semver.js"
      },
      "engines": {
        "node": ">=10"
      }
    },
    "node_modules/semver/node_modules/lru-cache": {
      "version": "6.0.0",
      "resolved": "https://registry.npmjs.org/lru-cache/-/lru-cache-6.0.0.tgz",
      "integrity": "sha512-Jo6dJ04CmSjuznwJSS3pUeWmd/H0ffTlkXXgwne+Ek13fMF45DGsgmsclajFbS63fHHsfCa6tYHiNsRg/gEIDA==",
      "dev": true,
      "license": "ISC",
      "dependencies": {
        "yallist": "^4.0.0"
      },
      "engines": {
        "node": ">=10"
      }
    },
    "node_modules/source-map-js": {
      "version": "1.2.0",
      "resolved": "https://registry.npmjs.org/source-map-js/-/source-map-js-1.2.0.tgz",
      "integrity": "sha512-itJW8lvSA0imCmpWBwmSCCKDPlynk2mmsZ3k6i+dv6dF6cy94f31d4K29fPEad66Tfs82YfY7k64M6m1dD8sMw==",
      "dev": true,
      "license": "BSD-3-Clause",
      "engines": {
        "node": ">=0.10.0"
      }
    },
    "node_modules/supports-color": {
      "version": "7.2.0",
      "resolved": "https://registry.npmjs.org/supports-color/-/supports-color-7.2.0.tgz",
      "integrity": "sha512-qpzVPHrpzDBEZYXF2DfAblaTVRoDjDD1JyaS5RTC7cmFF2CkK3gEwX3t2ot6p0atJbPJoFe2evT7pyZC2Cs8ZQ==",
      "dev": true,
      "license": "MIT",
      "dependencies": {
        "has-flag": "^4.0.0"
      },
      "engines": {
        "node": ">=8"
      }
    },
    "node_modules/supports-preserve-symlinks-flag": {
      "version": "1.0.0",
      "resolved": "https://registry.npmjs.org/supports-preserve-symlinks-flag/-/supports-preserve-symlinks-flag-1.0.0.tgz",
      "integrity": "sha512-ot0WnXS9fgdkgIcePe6Rlf+ZG36cgPaEFMsVsHInc2ro4doSVbUmbk4z2Gd0gEDcRgpyCESuQHmb8YZa9Ft6gA==",
      "dev": true,
      "license": "MIT",
      "engines": {
        "node": ">= 0.4"
      },
      "funding": {
        "url": "https://github.com/sponsors/ljharb"
      }
    },
    "node_modules/to-regex-range": {
      "version": "5.0.1",
      "resolved": "https://registry.npmjs.org/to-regex-range/-/to-regex-range-5.0.1.tgz",
      "integrity": "sha512-652mKvCh2dk3e83R/J+Qe76la5OdtvcyfeQf12K7P4y2pDvTqonQ6sIe3S2bgoTITcIrgzEsJCp9RU/3S95kJw==",
      "dev": true,
      "license": "MIT",
      "dependencies": {
        "is-number": "^7.0.0"
      },
      "engines": {
        "node": ">=8.0"
      }
    },
    "node_modules/typescript": {
      "version": "5.4.5",
      "resolved": "https://registry.npmjs.org/typescript/-/typescript-5.4.5.tgz",
      "integrity": "sha512-vcI4UpRgg81oXqd89msINysd2CRAnRkLTjaeTplktj3UqbVeJuhO5MGZU0xc0GieYFVKInlK73cHl+byaLU6ag==",
      "dev": true,
      "license": "Apache-2.0",
      "bin": {
        "tsc": "bin/tsc",
        "tsserver": "bin/tsserver"
      },
      "engines": {
        "node": ">=14.17"
      }
    },
    "node_modules/undici-types": {
      "version": "5.26.5",
      "resolved": "https://registry.npmjs.org/undici-types/-/undici-types-5.26.5.tgz",
      "integrity": "sha512-JlCMO+ehdEIKqlFxk6IfVoAUVmgz7cU7zD/h9XZ0qzeosSHmUJVOzSQvvYSYWXkFXC+IfLKSIffhv0sVZup6pA==",
      "dev": true,
      "license": "MIT"
    },
    "node_modules/update-browserslist-db": {
      "version": "1.0.13",
      "resolved": "https://registry.npmjs.org/update-browserslist-db/-/update-browserslist-db-1.0.13.tgz",
      "integrity": "sha512-xebP81SNc2I2N25X5S/Amz4pE3K555Vrhv22Tf+LqXG5PnaF/rE4LfSoY2b4vgI0fH2M2p2A5w/kI/Jj+Epb4w==",
      "dev": true,
      "funding": [
        {
          "type": "opencollective",
          "url": "https://opencollective.com/browserslist"
        },
        {
          "type": "tidelift",
          "url": "https://tidelift.com/subscription/pkg/npm-update-browserslist-db"
        }
      ],
      "license": "MIT",
      "dependencies": {
        "picocolors": "^1.0.0"
      },
      "bin": {
        "update-browserslist-db": "cli.js"
      },
      "peerDependencies": {
        "browserslist": ">= 4.21.0"
      }
    },
    "node_modules/vite": {
      "version": "5.3.1",
      "resolved": "https://registry.npmjs.org/vite/-/vite-5.3.1.tgz",
      "integrity": "sha512-YvW5sC7PzI0L1kP6bA7fOAEjTf+t9lA03k/d85t/yCfrv14n3u+R/Xp7sWl29TfRmWz8pAZo0L4Fj3e0g==",
      "dev": true,
      "license": "MIT",
      "dependencies": {
        "es-module-lexer": "^1.5.1",
        "esbuild": "^0.21.3",
        "postcss": "^8.4.38",
        "rollup": "^4.17.2"
      },
      "bin": {
        "vite": "bin/vite.js"
      },
      "engines": {
        "node": ">=18.0.0"
      },
      "funding": {
        "url": "https://github.com/sponsors/yyx990803"
      },
      "optionalDependencies": {
        "fsevents": "~2.3.3"
      },
      "peerDependencies": {
        "@types/node": ">=18.0.0",
        "less": "*",
        "lightningcss": ">=1.24.1",
        "sass": "*",
        "stylus": "*",
        "sugarss": "*",
        "terser": ">=5.4.0"
      },
      "peerDependenciesMeta": {
        "less": {
          "optional": true
        },
        "lightningcss": {
          "optional": true
        },
        "sass": {
          "optional": true
        },
        "stylus": {
          "optional": true
        },
        "sugarss": {
          "optional": true
        },
        "terser": {
          "optional": true
        }
      }
    },
    "node_modules/yallist": {
      "version": "4.0.0",
      "resolved": "https://registry.npmjs.org/yallist/-/yallist-4.0.0.tgz",
      "integrity": "sha512-3wdGidZyq5PAVfl+fJSUP8O17OA9g2vP+2yl/2uCtCTo0i62xGcRd78L/HaiX0eTwlaoYKyREQbcPdS2qvAFGg==",
      "dev": true,
      "license": "ISC"
    },
    "node_modules/yaml": {
      "version": "2.4.5",
      "resolved": "https://registry.npmjs.org/yaml/-/yaml-2.4.5.tgz",
      "integrity": "sha512-a2J9fTfQNkLoKuo2MbBXY2E2kTT3xxGFftL21tV2y5oaKkps2PsdF/2a6qjI0Qw21eD0yR2N5n2aD5z+Kz/+6g==",
      "dev": true,
      "license": "ISC",
      "engines": {
        "node": ">= 14"
      }
    }
  }
}
